// !$*UTF8*$!
{
	archiveVersion = 1;
	classes = {
	};
	objectVersion = 46;
	objects = {

/* Begin PBXBuildFile section */
		31DF2A501948946300CAF8D6 /* Foundation.framework in Frameworks */ = {isa = PBXBuildFile; fileRef = 31DF2A4F1948946300CAF8D6 /* Foundation.framework */; };
		31DF2A521948946300CAF8D6 /* CoreGraphics.framework in Frameworks */ = {isa = PBXBuildFile; fileRef = 31DF2A511948946300CAF8D6 /* CoreGraphics.framework */; };
		31DF2A541948946300CAF8D6 /* UIKit.framework in Frameworks */ = {isa = PBXBuildFile; fileRef = 31DF2A531948946300CAF8D6 /* UIKit.framework */; };
		31DF2A5A1948946300CAF8D6 /* InfoPlist.strings in Resources */ = {isa = PBXBuildFile; fileRef = 31DF2A581948946300CAF8D6 /* InfoPlist.strings */; };
		31DF2A5C1948946300CAF8D6 /* main.m in Sources */ = {isa = PBXBuildFile; fileRef = 31DF2A5B1948946300CAF8D6 /* main.m */; };
		31DF2A601948946300CAF8D6 /* ZSD_AppDelegate.m in Sources */ = {isa = PBXBuildFile; fileRef = 31DF2A5F1948946300CAF8D6 /* ZSD_AppDelegate.m */; };
		31DF2A621948946300CAF8D6 /* Images.xcassets in Resources */ = {isa = PBXBuildFile; fileRef = 31DF2A611948946300CAF8D6 /* Images.xcassets */; };
		31DF2A691948946300CAF8D6 /* XCTest.framework in Frameworks */ = {isa = PBXBuildFile; fileRef = 31DF2A681948946300CAF8D6 /* XCTest.framework */; };
		31DF2A6A1948946300CAF8D6 /* Foundation.framework in Frameworks */ = {isa = PBXBuildFile; fileRef = 31DF2A4F1948946300CAF8D6 /* Foundation.framework */; };
		31DF2A6B1948946300CAF8D6 /* UIKit.framework in Frameworks */ = {isa = PBXBuildFile; fileRef = 31DF2A531948946300CAF8D6 /* UIKit.framework */; };
		31DF2A731948946300CAF8D6 /* InfoPlist.strings in Resources */ = {isa = PBXBuildFile; fileRef = 31DF2A711948946300CAF8D6 /* InfoPlist.strings */; };
		31DF2A751948946300CAF8D6 /* ScrabbleAssistTests.m in Sources */ = {isa = PBXBuildFile; fileRef = 31DF2A741948946300CAF8D6 /* ScrabbleAssistTests.m */; };
		31DF2A801948947A00CAF8D6 /* ZSD_anagramAssist.m in Sources */ = {isa = PBXBuildFile; fileRef = 31DF2A7F1948947A00CAF8D6 /* ZSD_anagramAssist.m */; };
/* End PBXBuildFile section */

/* Begin PBXContainerItemProxy section */
		31DF2A6C1948946300CAF8D6 /* PBXContainerItemProxy */ = {
			isa = PBXContainerItemProxy;
			containerPortal = 31DF2A441948946300CAF8D6 /* Project object */;
			proxyType = 1;
			remoteGlobalIDString = 31DF2A4B1948946300CAF8D6;
			remoteInfo = ScrabbleAssist;
		};
/* End PBXContainerItemProxy section */

/* Begin PBXFileReference section */
		31DF2A4C1948946300CAF8D6 /* ScrabbleAssist.app */ = {isa = PBXFileReference; explicitFileType = wrapper.application; includeInIndex = 0; path = ScrabbleAssist.app; sourceTree = BUILT_PRODUCTS_DIR; };
		31DF2A4F1948946300CAF8D6 /* Foundation.framework */ = {isa = PBXFileReference; lastKnownFileType = wrapper.framework; name = Foundation.framework; path = System/Library/Frameworks/Foundation.framework; sourceTree = SDKROOT; };
		31DF2A511948946300CAF8D6 /* CoreGraphics.framework */ = {isa = PBXFileReference; lastKnownFileType = wrapper.framework; name = CoreGraphics.framework; path = System/Library/Frameworks/CoreGraphics.framework; sourceTree = SDKROOT; };
		31DF2A531948946300CAF8D6 /* UIKit.framework */ = {isa = PBXFileReference; lastKnownFileType = wrapper.framework; name = UIKit.framework; path = System/Library/Frameworks/UIKit.framework; sourceTree = SDKROOT; };
		31DF2A571948946300CAF8D6 /* ScrabbleAssist-Info.plist */ = {isa = PBXFileReference; lastKnownFileType = text.plist.xml; path = "ScrabbleAssist-Info.plist"; sourceTree = "<group>"; };
		31DF2A591948946300CAF8D6 /* en */ = {isa = PBXFileReference; lastKnownFileType = text.plist.strings; name = en; path = en.lproj/InfoPlist.strings; sourceTree = "<group>"; };
		31DF2A5B1948946300CAF8D6 /* main.m */ = {isa = PBXFileReference; lastKnownFileType = sourcecode.c.objc; path = main.m; sourceTree = "<group>"; };
		31DF2A5D1948946300CAF8D6 /* ScrabbleAssist-Prefix.pch */ = {isa = PBXFileReference; lastKnownFileType = sourcecode.c.h; path = "ScrabbleAssist-Prefix.pch"; sourceTree = "<group>"; };
		31DF2A5E1948946300CAF8D6 /* ZSD_AppDelegate.h */ = {isa = PBXFileReference; lastKnownFileType = sourcecode.c.h; path = ZSD_AppDelegate.h; sourceTree = "<group>"; };
		31DF2A5F1948946300CAF8D6 /* ZSD_AppDelegate.m */ = {isa = PBXFileReference; lastKnownFileType = sourcecode.c.objc; path = ZSD_AppDelegate.m; sourceTree = "<group>"; };
		31DF2A611948946300CAF8D6 /* Images.xcassets */ = {isa = PBXFileReference; lastKnownFileType = folder.assetcatalog; path = Images.xcassets; sourceTree = "<group>"; };
		31DF2A671948946300CAF8D6 /* ScrabbleAssistTests.xctest */ = {isa = PBXFileReference; explicitFileType = wrapper.cfbundle; includeInIndex = 0; path = ScrabbleAssistTests.xctest; sourceTree = BUILT_PRODUCTS_DIR; };
		31DF2A681948946300CAF8D6 /* XCTest.framework */ = {isa = PBXFileReference; lastKnownFileType = wrapper.framework; name = XCTest.framework; path = Library/Frameworks/XCTest.framework; sourceTree = DEVELOPER_DIR; };
		31DF2A701948946300CAF8D6 /* ScrabbleAssistTests-Info.plist */ = {isa = PBXFileReference; lastKnownFileType = text.plist.xml; path = "ScrabbleAssistTests-Info.plist"; sourceTree = "<group>"; };
		31DF2A721948946300CAF8D6 /* en */ = {isa = PBXFileReference; lastKnownFileType = text.plist.strings; name = en; path = en.lproj/InfoPlist.strings; sourceTree = "<group>"; };
		31DF2A741948946300CAF8D6 /* ScrabbleAssistTests.m */ = {isa = PBXFileReference; lastKnownFileType = sourcecode.c.objc; path = ScrabbleAssistTests.m; sourceTree = "<group>"; };
		31DF2A7E1948947A00CAF8D6 /* ZSD_anagramAssist.h */ = {isa = PBXFileReference; fileEncoding = 4; lastKnownFileType = sourcecode.c.h; path = ZSD_anagramAssist.h; sourceTree = "<group>"; };
		31DF2A7F1948947A00CAF8D6 /* ZSD_anagramAssist.m */ = {isa = PBXFileReference; fileEncoding = 4; lastKnownFileType = sourcecode.c.objc; path = ZSD_anagramAssist.m; sourceTree = "<group>"; };
/* End PBXFileReference section */

/* Begin PBXFrameworksBuildPhase section */
		31DF2A491948946300CAF8D6 /* Frameworks */ = {
			isa = PBXFrameworksBuildPhase;
			buildActionMask = 2147483647;
			files = (
				31DF2A521948946300CAF8D6 /* CoreGraphics.framework in Frameworks */,
				31DF2A541948946300CAF8D6 /* UIKit.framework in Frameworks */,
				31DF2A501948946300CAF8D6 /* Foundation.framework in Frameworks */,
			);
			runOnlyForDeploymentPostprocessing = 0;
		};
		31DF2A641948946300CAF8D6 /* Frameworks */ = {
			isa = PBXFrameworksBuildPhase;
			buildActionMask = 2147483647;
			files = (
				31DF2A691948946300CAF8D6 /* XCTest.framework in Frameworks */,
				31DF2A6B1948946300CAF8D6 /* UIKit.framework in Frameworks */,
				31DF2A6A1948946300CAF8D6 /* Foundation.framework in Frameworks */,
			);
			runOnlyForDeploymentPostprocessing = 0;
		};
/* End PBXFrameworksBuildPhase section */

/* Begin PBXGroup section */
		31DF2A431948946300CAF8D6 = {
			isa = PBXGroup;
			children = (
				31DF2A551948946300CAF8D6 /* ScrabbleAssist */,
				31DF2A6E1948946300CAF8D6 /* ScrabbleAssistTests */,
				31DF2A4E1948946300CAF8D6 /* Frameworks */,
				31DF2A4D1948946300CAF8D6 /* Products */,
			);
			sourceTree = "<group>";
		};
		31DF2A4D1948946300CAF8D6 /* Products */ = {
			isa = PBXGroup;
			children = (
				31DF2A4C1948946300CAF8D6 /* ScrabbleAssist.app */,
				31DF2A671948946300CAF8D6 /* ScrabbleAssistTests.xctest */,
			);
			name = Products;
			sourceTree = "<group>";
		};
		31DF2A4E1948946300CAF8D6 /* Frameworks */ = {
			isa = PBXGroup;
			children = (
				31DF2A4F1948946300CAF8D6 /* Foundation.framework */,
				31DF2A511948946300CAF8D6 /* CoreGraphics.framework */,
				31DF2A531948946300CAF8D6 /* UIKit.framework */,
				31DF2A681948946300CAF8D6 /* XCTest.framework */,
			);
			name = Frameworks;
			sourceTree = "<group>";
		};
		31DF2A551948946300CAF8D6 /* ScrabbleAssist */ = {
			isa = PBXGroup;
			children = (
				31DF2A5E1948946300CAF8D6 /* ZSD_AppDelegate.h */,
				31DF2A5F1948946300CAF8D6 /* ZSD_AppDelegate.m */,
				31DF2A7E1948947A00CAF8D6 /* ZSD_anagramAssist.h */,
				31DF2A7F1948947A00CAF8D6 /* ZSD_anagramAssist.m */,
				31DF2A611948946300CAF8D6 /* Images.xcassets */,
				31DF2A561948946300CAF8D6 /* Supporting Files */,
			);
			path = ScrabbleAssist;
			sourceTree = "<group>";
		};
		31DF2A561948946300CAF8D6 /* Supporting Files */ = {
			isa = PBXGroup;
			children = (
				31DF2A571948946300CAF8D6 /* ScrabbleAssist-Info.plist */,
				31DF2A581948946300CAF8D6 /* InfoPlist.strings */,
				31DF2A5B1948946300CAF8D6 /* main.m */,
				31DF2A5D1948946300CAF8D6 /* ScrabbleAssist-Prefix.pch */,
			);
			name = "Supporting Files";
			sourceTree = "<group>";
		};
		31DF2A6E1948946300CAF8D6 /* ScrabbleAssistTests */ = {
			isa = PBXGroup;
			children = (
				31DF2A741948946300CAF8D6 /* ScrabbleAssistTests.m */,
				31DF2A6F1948946300CAF8D6 /* Supporting Files */,
			);
			path = ScrabbleAssistTests;
			sourceTree = "<group>";
		};
		31DF2A6F1948946300CAF8D6 /* Supporting Files */ = {
			isa = PBXGroup;
			children = (
				31DF2A701948946300CAF8D6 /* ScrabbleAssistTests-Info.plist */,
				31DF2A711948946300CAF8D6 /* InfoPlist.strings */,
			);
			name = "Supporting Files";
			sourceTree = "<group>";
		};
/* End PBXGroup section */

/* Begin PBXNativeTarget section */
		31DF2A4B1948946300CAF8D6 /* ScrabbleAssist */ = {
			isa = PBXNativeTarget;
			buildConfigurationList = 31DF2A781948946300CAF8D6 /* Build configuration list for PBXNativeTarget "ScrabbleAssist" */;
			buildPhases = (
				31DF2A481948946300CAF8D6 /* Sources */,
				31DF2A491948946300CAF8D6 /* Frameworks */,
				31DF2A4A1948946300CAF8D6 /* Resources */,
			);
			buildRules = (
			);
			dependencies = (
			);
			name = ScrabbleAssist;
			productName = ScrabbleAssist;
			productReference = 31DF2A4C1948946300CAF8D6 /* ScrabbleAssist.app */;
			productType = "com.apple.product-type.application";
		};
		31DF2A661948946300CAF8D6 /* ScrabbleAssistTests */ = {
			isa = PBXNativeTarget;
			buildConfigurationList = 31DF2A7B1948946300CAF8D6 /* Build configuration list for PBXNativeTarget "ScrabbleAssistTests" */;
			buildPhases = (
				31DF2A631948946300CAF8D6 /* Sources */,
				31DF2A641948946300CAF8D6 /* Frameworks */,
				31DF2A651948946300CAF8D6 /* Resources */,
			);
			buildRules = (
			);
			dependencies = (
				31DF2A6D1948946300CAF8D6 /* PBXTargetDependency */,
			);
			name = ScrabbleAssistTests;
			productName = ScrabbleAssistTests;
			productReference = 31DF2A671948946300CAF8D6 /* ScrabbleAssistTests.xctest */;
			productType = "com.apple.product-type.bundle.unit-test";
		};
/* End PBXNativeTarget section */

/* Begin PBXProject section */
		31DF2A441948946300CAF8D6 /* Project object */ = {
			isa = PBXProject;
			attributes = {
				CLASSPREFIX = ZSD_;
				LastUpgradeCheck = 0510;
				ORGANIZATIONNAME = "Zach Drossman";
				TargetAttributes = {
					31DF2A661948946300CAF8D6 = {
						TestTargetID = 31DF2A4B1948946300CAF8D6;
					};
				};
			};
			buildConfigurationList = 31DF2A471948946300CAF8D6 /* Build configuration list for PBXProject "ScrabbleAssist" */;
			compatibilityVersion = "Xcode 3.2";
			developmentRegion = English;
			hasScannedForEncodings = 0;
			knownRegions = (
				en,
			);
			mainGroup = 31DF2A431948946300CAF8D6;
			productRefGroup = 31DF2A4D1948946300CAF8D6 /* Products */;
			projectDirPath = "";
			projectRoot = "";
			targets = (
				31DF2A4B1948946300CAF8D6 /* ScrabbleAssist */,
				31DF2A661948946300CAF8D6 /* ScrabbleAssistTests */,
			);
		};
/* End PBXProject section */

/* Begin PBXResourcesBuildPhase section */
		31DF2A4A1948946300CAF8D6 /* Resources */ = {
			isa = PBXResourcesBuildPhase;
			buildActionMask = 2147483647;
			files = (
				31DF2A5A1948946300CAF8D6 /* InfoPlist.strings in Resources */,
				31DF2A621948946300CAF8D6 /* Images.xcassets in Resources */,
			);
			runOnlyForDeploymentPostprocessing = 0;
		};
		31DF2A651948946300CAF8D6 /* Resources */ = {
			isa = PBXResourcesBuildPhase;
			buildActionMask = 2147483647;
			files = (
				31DF2A731948946300CAF8D6 /* InfoPlist.strings in Resources */,
			);
			runOnlyForDeploymentPostprocessing = 0;
		};
/* End PBXResourcesBuildPhase section */

/* Begin PBXSourcesBuildPhase section */
		31DF2A481948946300CAF8D6 /* Sources */ = {
			isa = PBXSourcesBuildPhase;
			buildActionMask = 2147483647;
			files = (
				31DF2A601948946300CAF8D6 /* ZSD_AppDelegate.m in Sources */,
				31DF2A801948947A00CAF8D6 /* ZSD_anagramAssist.m in Sources */,
				31DF2A5C1948946300CAF8D6 /* main.m in Sources */,
			);
			runOnlyForDeploymentPostprocessing = 0;
		};
		31DF2A631948946300CAF8D6 /* Sources */ = {
			isa = PBXSourcesBuildPhase;
			buildActionMask = 2147483647;
			files = (
				31DF2A751948946300CAF8D6 /* ScrabbleAssistTests.m in Sources */,
			);
			runOnlyForDeploymentPostprocessing = 0;
		};
/* End PBXSourcesBuildPhase section */

/* Begin PBXTargetDependency section */
		31DF2A6D1948946300CAF8D6 /* PBXTargetDependency */ = {
			isa = PBXTargetDependency;
			target = 31DF2A4B1948946300CAF8D6 /* ScrabbleAssist */;
			targetProxy = 31DF2A6C1948946300CAF8D6 /* PBXContainerItemProxy */;
		};
/* End PBXTargetDependency section */

/* Begin PBXVariantGroup section */
		31DF2A581948946300CAF8D6 /* InfoPlist.strings */ = {
			isa = PBXVariantGroup;
			children = (
				31DF2A591948946300CAF8D6 /* en */,
			);
			name = InfoPlist.strings;
			sourceTree = "<group>";
		};
		31DF2A711948946300CAF8D6 /* InfoPlist.strings */ = {
			isa = PBXVariantGroup;
			children = (
				31DF2A721948946300CAF8D6 /* en */,
			);
			name = InfoPlist.strings;
			sourceTree = "<group>";
		};
/* End PBXVariantGroup section */

/* Begin XCBuildConfiguration section */
		31DF2A761948946300CAF8D6 /* Debug */ = {
			isa = XCBuildConfiguration;
			buildSettings = {
				ALWAYS_SEARCH_USER_PATHS = NO;
				CLANG_CXX_LANGUAGE_STANDARD = "gnu++0x";
				CLANG_CXX_LIBRARY = "libc++";
				CLANG_ENABLE_MODULES = YES;
				CLANG_ENABLE_OBJC_ARC = YES;
				CLANG_WARN_BOOL_CONVERSION = YES;
				CLANG_WARN_CONSTANT_CONVERSION = YES;
				CLANG_WARN_DIRECT_OBJC_ISA_USAGE = YES_ERROR;
				CLANG_WARN_EMPTY_BODY = YES;
				CLANG_WARN_ENUM_CONVERSION = YES;
				CLANG_WARN_INT_CONVERSION = YES;
				CLANG_WARN_OBJC_ROOT_CLASS = YES_ERROR;
				CLANG_WARN__DUPLICATE_METHOD_MATCH = YES;
				"CODE_SIGN_IDENTITY[sdk=iphoneos*]" = "iPhone Developer";
				COPY_PHASE_STRIP = NO;
				GCC_C_LANGUAGE_STANDARD = gnu99;
				GCC_DYNAMIC_NO_PIC = NO;
				GCC_OPTIMIZATION_LEVEL = 0;
				GCC_PREPROCESSOR_DEFINITIONS = (
					"DEBUG=1",
					"$(inherited)",
				);
				GCC_SYMBOLS_PRIVATE_EXTERN = NO;
				GCC_WARN_64_TO_32_BIT_CONVERSION = YES;
				GCC_WARN_ABOUT_RETURN_TYPE = YES_ERROR;
				GCC_WARN_UNDECLARED_SELECTOR = YES;
				GCC_WARN_UNINITIALIZED_AUTOS = YES_AGGRESSIVE;
				GCC_WARN_UNUSED_FUNCTION = YES;
				GCC_WARN_UNUSED_VARIABLE = YES;
				IPHONEOS_DEPLOYMENT_TARGET = 7.1;
				ONLY_ACTIVE_ARCH = YES;
				SDKROOT = iphoneos;
			};
			name = Debug;
		};
		31DF2A771948946300CAF8D6 /* Release */ = {
			isa = XCBuildConfiguration;
			buildSettings = {
				ALWAYS_SEARCH_USER_PATHS = NO;
				CLANG_CXX_LANGUAGE_STANDARD = "gnu++0x";
				CLANG_CXX_LIBRARY = "libc++";
				CLANG_ENABLE_MODULES = YES;
				CLANG_ENABLE_OBJC_ARC = YES;
				CLANG_WARN_BOOL_CONVERSION = YES;
				CLANG_WARN_CONSTANT_CONVERSION = YES;
				CLANG_WARN_DIRECT_OBJC_ISA_USAGE = YES_ERROR;
				CLANG_WARN_EMPTY_BODY = YES;
				CLANG_WARN_ENUM_CONVERSION = YES;
				CLANG_WARN_INT_CONVERSION = YES;
				CLANG_WARN_OBJC_ROOT_CLASS = YES_ERROR;
				CLANG_WARN__DUPLICATE_METHOD_MATCH = YES;
				"CODE_SIGN_IDENTITY[sdk=iphoneos*]" = "iPhone Developer";
				COPY_PHASE_STRIP = YES;
				ENABLE_NS_ASSERTIONS = NO;
				GCC_C_LANGUAGE_STANDARD = gnu99;
				GCC_WARN_64_TO_32_BIT_CONVERSION = YES;
				GCC_WARN_ABOUT_RETURN_TYPE = YES_ERROR;
				GCC_WARN_UNDECLARED_SELECTOR = YES;
				GCC_WARN_UNINITIALIZED_AUTOS = YES_AGGRESSIVE;
				GCC_WARN_UNUSED_FUNCTION = YES;
				GCC_WARN_UNUSED_VARIABLE = YES;
				IPHONEOS_DEPLOYMENT_TARGET = 7.1;
				SDKROOT = iphoneos;
				VALIDATE_PRODUCT = YES;
			};
			name = Release;
		};
		31DF2A791948946300CAF8D6 /* Debug */ = {
			isa = XCBuildConfiguration;
			buildSettings = {
				ASSETCATALOG_COMPILER_APPICON_NAME = AppIcon;
				ASSETCATALOG_COMPILER_LAUNCHIMAGE_NAME = LaunchImage;
				GCC_PRECOMPILE_PREFIX_HEADER = YES;
				GCC_PREFIX_HEADER = "ScrabbleAssist/ScrabbleAssist-Prefix.pch";
				INFOPLIST_FILE = "ScrabbleAssist/ScrabbleAssist-Info.plist";
				PRODUCT_NAME = "$(TARGET_NAME)";
				WRAPPER_EXTENSION = app;
			};
			name = Debug;
		};
		31DF2A7A1948946300CAF8D6 /* Release */ = {
			isa = XCBuildConfiguration;
			buildSettings = {
				ASSETCATALOG_COMPILER_APPICON_NAME = AppIcon;
				ASSETCATALOG_COMPILER_LAUNCHIMAGE_NAME = LaunchImage;
				GCC_PRECOMPILE_PREFIX_HEADER = YES;
				GCC_PREFIX_HEADER = "ScrabbleAssist/ScrabbleAssist-Prefix.pch";
				INFOPLIST_FILE = "ScrabbleAssist/ScrabbleAssist-Info.plist";
				PRODUCT_NAME = "$(TARGET_NAME)";
				WRAPPER_EXTENSION = app;
			};
			name = Release;
		};
		31DF2A7C1948946300CAF8D6 /* Debug */ = {
			isa = XCBuildConfiguration;
			buildSettings = {
				BUNDLE_LOADER = "$(BUILT_PRODUCTS_DIR)/ScrabbleAssist.app/ScrabbleAssist";
				FRAMEWORK_SEARCH_PATHS = (
					"$(SDKROOT)/Developer/Library/Frameworks",
					"$(inherited)",
					"$(DEVELOPER_FRAMEWORKS_DIR)",
				);
				GCC_PRECOMPILE_PREFIX_HEADER = YES;
				GCC_PREFIX_HEADER = "ScrabbleAssist/ScrabbleAssist-Prefix.pch";
				GCC_PREPROCESSOR_DEFINITIONS = (
					"DEBUG=1",
					"$(inherited)",
				);
				INFOPLIST_FILE = "ScrabbleAssistTests/ScrabbleAssistTests-Info.plist";
				PRODUCT_NAME = "$(TARGET_NAME)";
				TEST_HOST = "$(BUNDLE_LOADER)";
				WRAPPER_EXTENSION = xctest;
			};
			name = Debug;
		};
		31DF2A7D1948946300CAF8D6 /* Release */ = {
			isa = XCBuildConfiguration;
			buildSettings = {
				BUNDLE_LOADER = "$(BUILT_PRODUCTS_DIR)/ScrabbleAssist.app/ScrabbleAssist";
				FRAMEWORK_SEARCH_PATHS = (
					"$(SDKROOT)/Developer/Library/Frameworks",
					"$(inherited)",
					"$(DEVELOPER_FRAMEWORKS_DIR)",
				);
				GCC_PRECOMPILE_PREFIX_HEADER = YES;
				GCC_PREFIX_HEADER = "ScrabbleAssist/ScrabbleAssist-Prefix.pch";
				INFOPLIST_FILE = "ScrabbleAssistTests/ScrabbleAssistTests-Info.plist";
				PRODUCT_NAME = "$(TARGET_NAME)";
				TEST_HOST = "$(BUNDLE_LOADER)";
				WRAPPER_EXTENSION = xctest;
			};
			name = Release;
		};
/* End XCBuildConfiguration section */

/* Begin XCConfigurationList section */
		31DF2A471948946300CAF8D6 /* Build configuration list for PBXProject "ScrabbleAssist" */ = {
			isa = XCConfigurationList;
			buildConfigurations = (
				31DF2A761948946300CAF8D6 /* Debug */,
				31DF2A771948946300CAF8D6 /* Release */,
			);
			defaultConfigurationIsVisible = 0;
			defaultConfigurationName = Release;
		};
		31DF2A781948946300CAF8D6 /* Build configuration list for PBXNativeTarget "ScrabbleAssist" */ = {
			isa = XCConfigurationList;
			buildConfigurations = (
				31DF2A791948946300CAF8D6 /* Debug */,
				31DF2A7A1948946300CAF8D6 /* Release */,
			);
			defaultConfigurationIsVisible = 0;
		};
		31DF2A7B1948946300CAF8D6 /* Build configuration list for PBXNativeTarget "ScrabbleAssistTests" */ = {
			isa = XCConfigurationList;
			buildConfigurations = (
				31DF2A7C1948946300CAF8D6 /* Debug */,
				31DF2A7D1948946300CAF8D6 /* Release */,
			);
			defaultConfigurationIsVisible = 0;
		};
/* End XCConfigurationList section */
	};
	rootObject = 31DF2A441948946300CAF8D6 /* Project object */;
}
